
Microsoft Visual Studio Solution File, Format Version 12.00
# Visual Studio Version 17
VisualStudioVersion = 17.0.31912.275
MinimumVisualStudioVersion = 10.0.40219.1
Project("{FAE04EC0-301F-11D3-BF4B-00C04F79EFBC}") = "UniversityAppp", "UniversityAppp\UniversityAppp.csproj", "{A99C0F4C-9CC3-4B66-9A3B-29334822F845}"
EndProject
Project("{FAE04EC0-301F-11D3-BF4B-00C04F79EFBC}") = "UniversityAppp.Models", "UniversityAppp.Models\UniversityAppp.Models.csproj", "{38F32924-6AE0-47E9-B626-D98BF9707C86}"
EndProject
Project("{FAE04EC0-301F-11D3-BF4B-00C04F79EFBC}") = "UniversityAppp.Services", "UniversityAppp.Services\UniversityAppp.Services.csproj", "{9735DDE0-81F2-4564-8960-B736B5D12E39}"
EndProject
Global
	GlobalSection(SolutionConfigurationPlatforms) = preSolution
		Debug|Any CPU = Debug|Any CPU
		Release|Any CPU = Release|Any CPU
	EndGlobalSection
	GlobalSection(ProjectConfigurationPlatforms) = postSolution
		{A99C0F4C-9CC3-4B66-9A3B-29334822F845}.Debug|Any CPU.ActiveCfg = Debug|Any CPU
		{A99C0F4C-9CC3-4B66-9A3B-29334822F845}.Debug|Any CPU.Build.0 = Debug|Any CPU
		{A99C0F4C-9CC3-4B66-9A3B-29334822F845}.Release|Any CPU.ActiveCfg = Release|Any CPU
		{A99C0F4C-9CC3-4B66-9A3B-29334822F845}.Release|Any CPU.Build.0 = Release|Any CPU
		{38F32924-6AE0-47E9-B626-D98BF9707C86}.Debug|Any CPU.ActiveCfg = Debug|Any CPU
		{38F32924-6AE0-47E9-B626-D98BF9707C86}.Debug|Any CPU.Build.0 = Debug|Any CPU
		{38F32924-6AE0-47E9-B626-D98BF9707C86}.Release|Any CPU.ActiveCfg = Release|Any CPU
		{38F32924-6AE0-47E9-B626-D98BF9707C86}.Release|Any CPU.Build.0 = Release|Any CPU
		{9735DDE0-81F2-4564-8960-B736B5D12E39}.Debug|Any CPU.ActiveCfg = Debug|Any CPU
		{9735DDE0-81F2-4564-8960-B736B5D12E39}.Debug|Any CPU.Build.0 = Debug|Any CPU
		{9735DDE0-81F2-4564-8960-B736B5D12E39}.Release|Any CPU.ActiveCfg = Release|Any CPU
		{9735DDE0-81F2-4564-8960-B736B5D12E39}.Release|Any CPU.Build.0 = Release|Any CPU
	EndGlobalSection
	GlobalSection(SolutionProperties) = preSolution
		HideSolutionNode = FALSE
	EndGlobalSection
	GlobalSection(ExtensibilityGlobals) = postSolution
		SolutionGuid = {21D990F9-F0A2-49FE-A484-F628A5F7D84F}
	EndGlobalSection
EndGlobal
